
Microsoft Visual Studio Solution File, Format Version 12.00
# Visual Studio Version 17
VisualStudioVersion = 17.12.35514.174
MinimumVisualStudioVersion = 10.0.40219.1
Project("{FAE04EC0-301F-11D3-BF4B-00C04F79EFBC}") = "RevitPluginsApp.Plugin", "RevitPluginsApp.Plugin\RevitPluginsApp.Plugin.csproj", "{642B112A-1078-4027-9846-FE8E00355F17}"
EndProject
Global
	GlobalSection(SolutionConfigurationPlatforms) = preSolution
		Debug|Any CPU = Debug|Any CPU
		R2022|Any CPU = R2022|Any CPU
		R2023|Any CPU = R2023|Any CPU
		R2024|Any CPU = R2024|Any CPU
	EndGlobalSection
	GlobalSection(ProjectConfigurationPlatforms) = postSolution
		{642B112A-1078-4027-9846-FE8E00355F17}.Debug|Any CPU.ActiveCfg = Debug|Any CPU
		{642B112A-1078-4027-9846-FE8E00355F17}.Debug|Any CPU.Build.0 = Debug|Any CPU
		{642B112A-1078-4027-9846-FE8E00355F17}.R2022|Any CPU.ActiveCfg = R2022|Any CPU
		{642B112A-1078-4027-9846-FE8E00355F17}.R2022|Any CPU.Build.0 = R2022|Any CPU
		{642B112A-1078-4027-9846-FE8E00355F17}.R2023|Any CPU.ActiveCfg = R2023|Any CPU
		{642B112A-1078-4027-9846-FE8E00355F17}.R2023|Any CPU.Build.0 = R2023|Any CPU
		{642B112A-1078-4027-9846-FE8E00355F17}.R2024|Any CPU.ActiveCfg = R2024|Any CPU
		{642B112A-1078-4027-9846-FE8E00355F17}.R2024|Any CPU.Build.0 = R2024|Any CPU
	EndGlobalSection
	GlobalSection(SolutionProperties) = preSolution
		HideSolutionNode = FALSE
	EndGlobalSection
EndGlobal
